
Microsoft Visual Studio Solution File, Format Version 12.00
# Visual Studio Version 18
VisualStudioVersion = 18.3.11222.16 d18.3
MinimumVisualStudioVersion = 10.0.40219.1
Project("{FAE04EC0-301F-11D3-BF4B-00C04F79EFBC}") = "MDO.Api", "MDO.Api\MDO.Api.csproj", "{C0C36EEA-EB94-480F-8A1F-562C5AAD1862}"
EndProject
Project("{FAE04EC0-301F-11D3-BF4B-00C04F79EFBC}") = "MDO.Desktop", "MDO.Desktop\MDO.Desktop.csproj", "{96BBC6D4-21FB-4279-AD68-D4A7FA025EBD}"
EndProject
Project("{FAE04EC0-301F-11D3-BF4B-00C04F79EFBC}") = "MDO.Core", "MDO.Core\MDO.Core.csproj", "{8C4F0BEC-18B1-4F7F-8816-845FF6E6D6B5}"
EndProject
Global
	GlobalSection(SolutionConfigurationPlatforms) = preSolution
		Debug|Any CPU = Debug|Any CPU
		Release|Any CPU = Release|Any CPU
	EndGlobalSection
	GlobalSection(ProjectConfigurationPlatforms) = postSolution
		{C0C36EEA-EB94-480F-8A1F-562C5AAD1862}.Debug|Any CPU.ActiveCfg = Debug|Any CPU
		{C0C36EEA-EB94-480F-8A1F-562C5AAD1862}.Debug|Any CPU.Build.0 = Debug|Any CPU
		{C0C36EEA-EB94-480F-8A1F-562C5AAD1862}.Release|Any CPU.ActiveCfg = Release|Any CPU
		{C0C36EEA-EB94-480F-8A1F-562C5AAD1862}.Release|Any CPU.Build.0 = Release|Any CPU
		{96BBC6D4-21FB-4279-AD68-D4A7FA025EBD}.Debug|Any CPU.ActiveCfg = Debug|Any CPU
		{96BBC6D4-21FB-4279-AD68-D4A7FA025EBD}.Debug|Any CPU.Build.0 = Debug|Any CPU
		{96BBC6D4-21FB-4279-AD68-D4A7FA025EBD}.Release|Any CPU.ActiveCfg = Release|Any CPU
		{96BBC6D4-21FB-4279-AD68-D4A7FA025EBD}.Release|Any CPU.Build.0 = Release|Any CPU
		{8C4F0BEC-18B1-4F7F-8816-845FF6E6D6B5}.Debug|Any CPU.ActiveCfg = Debug|Any CPU
		{8C4F0BEC-18B1-4F7F-8816-845FF6E6D6B5}.Debug|Any CPU.Build.0 = Debug|Any CPU
		{8C4F0BEC-18B1-4F7F-8816-845FF6E6D6B5}.Release|Any CPU.ActiveCfg = Release|Any CPU
		{8C4F0BEC-18B1-4F7F-8816-845FF6E6D6B5}.Release|Any CPU.Build.0 = Release|Any CPU
	EndGlobalSection
	GlobalSection(SolutionProperties) = preSolution
		HideSolutionNode = FALSE
	EndGlobalSection
	GlobalSection(ExtensibilityGlobals) = postSolution
		SolutionGuid = {DA7136D5-50BE-43D2-9D06-0488ACA5E8EE}
	EndGlobalSection
EndGlobal
